
Microsoft Visual Studio Solution File, Format Version 12.00
# Visual Studio Version 16
VisualStudioVersion = 16.0.29418.71
MinimumVisualStudioVersion = 10.0.40219.1
Project("{FAE04EC0-301F-11D3-BF4B-00C04F79EFBC}") = "UtilisationFonctions", "UtilisationFonctions\UtilisationFonctions.csproj", "{DA1377F3-6321-40D2-B932-EDA6F96E1E8D}"
EndProject
Global
	GlobalSection(SolutionConfigurationPlatforms) = preSolution
		Debug|Any CPU = Debug|Any CPU
		Release|Any CPU = Release|Any CPU
	EndGlobalSection
	GlobalSection(ProjectConfigurationPlatforms) = postSolution
		{DA1377F3-6321-40D2-B932-EDA6F96E1E8D}.Debug|Any CPU.ActiveCfg = Debug|Any CPU
		{DA1377F3-6321-40D2-B932-EDA6F96E1E8D}.Debug|Any CPU.Build.0 = Debug|Any CPU
		{DA1377F3-6321-40D2-B932-EDA6F96E1E8D}.Release|Any CPU.ActiveCfg = Release|Any CPU
		{DA1377F3-6321-40D2-B932-EDA6F96E1E8D}.Release|Any CPU.Build.0 = Release|Any CPU
	EndGlobalSection
	GlobalSection(SolutionProperties) = preSolution
		HideSolutionNode = FALSE
	EndGlobalSection
	GlobalSection(ExtensibilityGlobals) = postSolution
		SolutionGuid = {CAAE34A3-08EE-4B1E-BDFF-B01AB08CC436}
	EndGlobalSection
EndGlobal
